
Microsoft Visual Studio Solution File, Format Version 12.00
# Visual Studio Version 17
VisualStudioVersion = 17.14.36212.18 d17.14
MinimumVisualStudioVersion = 10.0.40219.1
Project("{FAE04EC0-301F-11D3-BF4B-00C04F79EFBC}") = "DOTNET-DAY2", "DOTNET-DAY2.csproj", "{51E3BC97-66BD-4A1D-8B58-7BA53D1A39BA}"
EndProject
Global
	GlobalSection(SolutionConfigurationPlatforms) = preSolution
		Debug|Any CPU = Debug|Any CPU
		Release|Any CPU = Release|Any CPU
	EndGlobalSection
	GlobalSection(ProjectConfigurationPlatforms) = postSolution
		{51E3BC97-66BD-4A1D-8B58-7BA53D1A39BA}.Debug|Any CPU.ActiveCfg = Debug|Any CPU
		{51E3BC97-66BD-4A1D-8B58-7BA53D1A39BA}.Debug|Any CPU.Build.0 = Debug|Any CPU
		{51E3BC97-66BD-4A1D-8B58-7BA53D1A39BA}.Release|Any CPU.ActiveCfg = Release|Any CPU
		{51E3BC97-66BD-4A1D-8B58-7BA53D1A39BA}.Release|Any CPU.Build.0 = Release|Any CPU
	EndGlobalSection
	GlobalSection(SolutionProperties) = preSolution
		HideSolutionNode = FALSE
	EndGlobalSection
	GlobalSection(ExtensibilityGlobals) = postSolution
		SolutionGuid = {21ED060A-F1ED-4D57-A476-4E1FEF63E14B}
	EndGlobalSection
EndGlobal
